
Microsoft Visual Studio Solution File, Format Version 12.00
# Visual Studio Version 17
VisualStudioVersion = 17.10.35004.147
MinimumVisualStudioVersion = 10.0.40219.1
Project("{FAE04EC0-301F-11D3-BF4B-00C04F79EFBC}") = "PokemonAPI", "PokemonAPI\PokemonAPI.csproj", "{D9594726-15AA-4AE6-9C21-FE618B821C19}"
EndProject
Global
	GlobalSection(SolutionConfigurationPlatforms) = preSolution
		Debug|Any CPU = Debug|Any CPU
		Release|Any CPU = Release|Any CPU
	EndGlobalSection
	GlobalSection(ProjectConfigurationPlatforms) = postSolution
		{D9594726-15AA-4AE6-9C21-FE618B821C19}.Debug|Any CPU.ActiveCfg = Debug|Any CPU
		{D9594726-15AA-4AE6-9C21-FE618B821C19}.Debug|Any CPU.Build.0 = Debug|Any CPU
		{D9594726-15AA-4AE6-9C21-FE618B821C19}.Release|Any CPU.ActiveCfg = Release|Any CPU
		{D9594726-15AA-4AE6-9C21-FE618B821C19}.Release|Any CPU.Build.0 = Release|Any CPU
	EndGlobalSection
	GlobalSection(SolutionProperties) = preSolution
		HideSolutionNode = FALSE
	EndGlobalSection
	GlobalSection(ExtensibilityGlobals) = postSolution
		SolutionGuid = {BCD010EA-681D-4E11-A493-9B7418608EEF}
	EndGlobalSection
EndGlobal
